
Microsoft Visual Studio Solution File, Format Version 12.00
# Visual Studio Version 17
VisualStudioVersion = 17.7.34221.43
MinimumVisualStudioVersion = 10.0.40219.1
Project("{FAE04EC0-301F-11D3-BF4B-00C04F79EFBC}") = "WebApplication2", "WebApplication2\WebApplication2.csproj", "{B96B494F-1B4D-46AB-AA07-44C8FA7DBA40}"
EndProject
Global
	GlobalSection(SolutionConfigurationPlatforms) = preSolution
		Debug|Any CPU = Debug|Any CPU
		Release|Any CPU = Release|Any CPU
	EndGlobalSection
	GlobalSection(ProjectConfigurationPlatforms) = postSolution
		{B96B494F-1B4D-46AB-AA07-44C8FA7DBA40}.Debug|Any CPU.ActiveCfg = Debug|Any CPU
		{B96B494F-1B4D-46AB-AA07-44C8FA7DBA40}.Debug|Any CPU.Build.0 = Debug|Any CPU
		{B96B494F-1B4D-46AB-AA07-44C8FA7DBA40}.Release|Any CPU.ActiveCfg = Release|Any CPU
		{B96B494F-1B4D-46AB-AA07-44C8FA7DBA40}.Release|Any CPU.Build.0 = Release|Any CPU
	EndGlobalSection
	GlobalSection(SolutionProperties) = preSolution
		HideSolutionNode = FALSE
	EndGlobalSection
	GlobalSection(ExtensibilityGlobals) = postSolution
		SolutionGuid = {54221E3F-338A-49C6-9026-EFEFD239B2F4}
	EndGlobalSection
EndGlobal
